
Microsoft Visual Studio Solution File, Format Version 12.00
# Visual Studio 15
Project("{FAE04EC0-301F-11D3-BF4B-00C04F79EFBC}") = "FSP.MAST.Scripts", "FSP.MAST.Scripts.csproj", "{321C5840-E1DD-D46D-3956-A75E65E823E3}"
EndProject
Project("{FAE04EC0-301F-11D3-BF4B-00C04F79EFBC}") = "Assembly-CSharp", "Assembly-CSharp.csproj", "{AEA1BF37-E7A3-6804-D25B-48997BF41AE4}"
EndProject
Project("{FAE04EC0-301F-11D3-BF4B-00C04F79EFBC}") = "Assembly-CSharp-firstpass", "Assembly-CSharp-firstpass.csproj", "{541AF015-35D1-1339-AE30-566620E35E0C}"
EndProject
Global
	GlobalSection(SolutionConfigurationPlatforms) = preSolution
		Debug|Any CPU = Debug|Any CPU
		Release|Any CPU = Release|Any CPU
	EndGlobalSection
	GlobalSection(ProjectConfigurationPlatforms) = postSolution
		{321C5840-E1DD-D46D-3956-A75E65E823E3}.Debug|Any CPU.ActiveCfg = Debug|Any CPU
		{321C5840-E1DD-D46D-3956-A75E65E823E3}.Debug|Any CPU.Build.0 = Debug|Any CPU
		{321C5840-E1DD-D46D-3956-A75E65E823E3}.Release|Any CPU.ActiveCfg = Release|Any CPU
		{321C5840-E1DD-D46D-3956-A75E65E823E3}.Release|Any CPU.Build.0 = Release|Any CPU
		{AEA1BF37-E7A3-6804-D25B-48997BF41AE4}.Debug|Any CPU.ActiveCfg = Debug|Any CPU
		{AEA1BF37-E7A3-6804-D25B-48997BF41AE4}.Debug|Any CPU.Build.0 = Debug|Any CPU
		{AEA1BF37-E7A3-6804-D25B-48997BF41AE4}.Release|Any CPU.ActiveCfg = Release|Any CPU
		{AEA1BF37-E7A3-6804-D25B-48997BF41AE4}.Release|Any CPU.Build.0 = Release|Any CPU
		{541AF015-35D1-1339-AE30-566620E35E0C}.Debug|Any CPU.ActiveCfg = Debug|Any CPU
		{541AF015-35D1-1339-AE30-566620E35E0C}.Debug|Any CPU.Build.0 = Debug|Any CPU
		{541AF015-35D1-1339-AE30-566620E35E0C}.Release|Any CPU.ActiveCfg = Release|Any CPU
		{541AF015-35D1-1339-AE30-566620E35E0C}.Release|Any CPU.Build.0 = Release|Any CPU
	EndGlobalSection
	GlobalSection(SolutionProperties) = preSolution
		HideSolutionNode = FALSE
	EndGlobalSection
EndGlobal
